
Microsoft Visual Studio Solution File, Format Version 12.00
# Visual Studio Version 17
VisualStudioVersion = 17.11.35312.102
MinimumVisualStudioVersion = 10.0.40219.1
Project("{FAE04EC0-301F-11D3-BF4B-00C04F79EFBC}") = "HspMgmt_asgmt", "HspMgmt_asgmt.csproj", "{28EF8390-ECB9-466B-9C6E-5C2073458777}"
EndProject
Global
	GlobalSection(SolutionConfigurationPlatforms) = preSolution
		Debug|Any CPU = Debug|Any CPU
		Release|Any CPU = Release|Any CPU
	EndGlobalSection
	GlobalSection(ProjectConfigurationPlatforms) = postSolution
		{28EF8390-ECB9-466B-9C6E-5C2073458777}.Debug|Any CPU.ActiveCfg = Debug|Any CPU
		{28EF8390-ECB9-466B-9C6E-5C2073458777}.Debug|Any CPU.Build.0 = Debug|Any CPU
		{28EF8390-ECB9-466B-9C6E-5C2073458777}.Release|Any CPU.ActiveCfg = Release|Any CPU
		{28EF8390-ECB9-466B-9C6E-5C2073458777}.Release|Any CPU.Build.0 = Release|Any CPU
	EndGlobalSection
	GlobalSection(SolutionProperties) = preSolution
		HideSolutionNode = FALSE
	EndGlobalSection
	GlobalSection(ExtensibilityGlobals) = postSolution
		SolutionGuid = {2604E30B-B6AB-4040-90D9-B4F4B3960BA4}
	EndGlobalSection
EndGlobal
